# THIS IS AN AUTOGENERATED FILE. DO NOT EDIT THIS FILE DIRECTLY.
# yarn lockfile v1


"@types/emscripten@^1.39.7":
  version "1.39.7"
  resolved "https://registry.npmmirror.com/@types/emscripten/-/emscripten-1.39.7.tgz#3025183ea56e12bf4d096aadc48ce74ca051233d"
  integrity sha512-tLqYV94vuqDrXh515F/FOGtBcRMTPGvVV1LzLbtYDcQmmhtpf/gLYf+hikBbQk8MzOHNz37wpFfJbYAuSn8HqA==
